
Microsoft Visual Studio Solution File, Format Version 12.00
# Visual Studio 2013
VisualStudioVersion = 12.0.31101.0
MinimumVisualStudioVersion = 10.0.40219.1
Project("{8BC9CEB8-8B4A-11D0-8D11-00A0C91BC942}") = "clAlign", "TemplateMFCDialogPlugIn.vcxproj", "{46693E51-01D6-4CED-9C29-EE6AF34989CE}"
EndProject
Global
	GlobalSection(SolutionConfigurationPlatforms) = preSolution
		Debug|Win32 = Debug|Win32
		Debug|x64 = Debug|x64
		DebugRun|Win32 = DebugRun|Win32
		DebugRun|x64 = DebugRun|x64
		Release|Win32 = Release|Win32
		Release|x64 = Release|x64
		ReleaseNoOpt|Win32 = ReleaseNoOpt|Win32
		ReleaseNoOpt|x64 = ReleaseNoOpt|x64
	EndGlobalSection
	GlobalSection(ProjectConfigurationPlatforms) = postSolution
		{46693E51-01D6-4CED-9C29-EE6AF34989CE}.Debug|Win32.ActiveCfg = Debug|Win32
		{46693E51-01D6-4CED-9C29-EE6AF34989CE}.Debug|Win32.Build.0 = Debug|Win32
		{46693E51-01D6-4CED-9C29-EE6AF34989CE}.Debug|x64.ActiveCfg = Debug|x64
		{46693E51-01D6-4CED-9C29-EE6AF34989CE}.Debug|x64.Build.0 = Debug|x64
		{46693E51-01D6-4CED-9C29-EE6AF34989CE}.DebugRun|Win32.ActiveCfg = DebugRun|Win32
		{46693E51-01D6-4CED-9C29-EE6AF34989CE}.DebugRun|Win32.Build.0 = DebugRun|Win32
		{46693E51-01D6-4CED-9C29-EE6AF34989CE}.DebugRun|x64.ActiveCfg = DebugRun|x64
		{46693E51-01D6-4CED-9C29-EE6AF34989CE}.DebugRun|x64.Build.0 = DebugRun|x64
		{46693E51-01D6-4CED-9C29-EE6AF34989CE}.Release|Win32.ActiveCfg = Release|x64
		{46693E51-01D6-4CED-9C29-EE6AF34989CE}.Release|Win32.Build.0 = Release|x64
		{46693E51-01D6-4CED-9C29-EE6AF34989CE}.Release|x64.ActiveCfg = Release|x64
		{46693E51-01D6-4CED-9C29-EE6AF34989CE}.Release|x64.Build.0 = Release|x64
		{46693E51-01D6-4CED-9C29-EE6AF34989CE}.ReleaseNoOpt|Win32.ActiveCfg = ReleaseNoOpt|Win32
		{46693E51-01D6-4CED-9C29-EE6AF34989CE}.ReleaseNoOpt|Win32.Build.0 = ReleaseNoOpt|Win32
		{46693E51-01D6-4CED-9C29-EE6AF34989CE}.ReleaseNoOpt|x64.ActiveCfg = ReleaseNoOpt|x64
		{46693E51-01D6-4CED-9C29-EE6AF34989CE}.ReleaseNoOpt|x64.Build.0 = ReleaseNoOpt|x64
	EndGlobalSection
	GlobalSection(SolutionProperties) = preSolution
		HideSolutionNode = FALSE
	EndGlobalSection
EndGlobal
